obsidian-spaced-repetition|st3v3nmw/obsidian-spaced-repetition|1.15.4|e2af1a3477ad54bf063ee8787a465661cf6725d88394e9f2f15e78e0bc29993b|6b4bf78256cd0ef8816fa2cf4f00248c01b18066f8e69fee969d48a3791bcd65|c62ae5fab547d74d8446e05aa20cb55efebbfa7cd0e0743c951dcc2b77b49abd
dataview|blacksmithgu/obsidian-dataview|0.5.70|6bb1cf7010afad830e73575fca0e2bfbd3279c562e3d9d24f2d2f45161eb7d00|9235db47112da81b85591c79ecb9ae2574e5e72207056e976472f90616286185|3306dd9032e00f989ba7233a37fd255bc4d3f4340cee661762e952f3f6aa1de9
templater-obsidian|SilentVoid13/Templater|2.23.1|b566eb40c9a3919efc7a295ceba7d5def7f55e8a82411316a5b1ddf6bbc85415|96218edf7d064768a62d198c8b69458911d539b8a13246803807944deef58918|eb94063be602679f397e3e35fcb7f6a4b027da82e17c213bb44a267c6b45d8de
calendar|liamcain/obsidian-calendar-plugin|1.5.10|7fb339e9cf9fdbe5a801fa2b8ab85b366b5b3777fbd193cbc8728bc27711d125|f3e9581338648512baa12d5b458490f7fd367918f7bdb6bd86171ce57be7d08b|-
nldates-obsidian|argenos/nldates-obsidian|0.6.2|387d36a43412f761c0c69320655a7ec09aa9189ae2267550224cacc861e63fd6|dfdcbdd8272d839ec0620af3a1fa7ab1f785ad3cdc6feed1f18ccb7b09621f29|-
obsidian-linter|platers/obsidian-linter|1.32.0|1b4f44bf929024cf78dd5e60a655f7cffdf7ff49f8f55695a01591f8f69e3416|ebe2da23394289758e13020fe2932e2f930acb20bce65f61fc233902de6ec839|e64117e999ea0594fc9840f00a3b6f8133b5df12340cb564124b77934b424269
hide-folders|JonasDoesThings/obsidian-hide-folders|1.5.3|e1d47c245bd1fa054dafc8a4e510d9382b1d48d2a0ca02420428b9896538ff98|f6990f6c837bbb644ae06f80c274ec6e996382ec428784c4a61cb8c8809f9946|-
obsidian-front-matter-title-plugin|snezhig/obsidian-front-matter-title|4.1.1|1aa8e3345610f9d51fc499a954f92221966ca60357ff630e255f2edefd341ed9|a83265e1e8a0db3658d7121f8611650b74daa8b11760ead3579ad1953e71f136|-
